
Microsoft Visual Studio Solution File, Format Version 12.00
# Visual Studio Version 17
VisualStudioVersion = 17.14.37027.9
MinimumVisualStudioVersion = 10.0.40219.1
Project("{FAE04EC0-301F-11D3-BF4B-00C04F79EFBC}") = "AdvancedProgramming", "AdvancedProgramming\AdvancedProgramming.csproj", "{3BAD51E1-B745-4BCE-80ED-73313441BEF9}"
EndProject
Global
	GlobalSection(SolutionConfigurationPlatforms) = preSolution
		Debug|Any CPU = Debug|Any CPU
		Release|Any CPU = Release|Any CPU
	EndGlobalSection
	GlobalSection(ProjectConfigurationPlatforms) = postSolution
		{3BAD51E1-B745-4BCE-80ED-73313441BEF9}.Debug|Any CPU.ActiveCfg = Debug|Any CPU
		{3BAD51E1-B745-4BCE-80ED-73313441BEF9}.Debug|Any CPU.Build.0 = Debug|Any CPU
		{3BAD51E1-B745-4BCE-80ED-73313441BEF9}.Release|Any CPU.ActiveCfg = Release|Any CPU
		{3BAD51E1-B745-4BCE-80ED-73313441BEF9}.Release|Any CPU.Build.0 = Release|Any CPU
	EndGlobalSection
	GlobalSection(SolutionProperties) = preSolution
		HideSolutionNode = FALSE
	EndGlobalSection
	GlobalSection(ExtensibilityGlobals) = postSolution
		SolutionGuid = {F6BA7426-12FE-4988-8EE3-A1EA21364118}
	EndGlobalSection
EndGlobal
